<?xml version="1.0" encoding="utf-8"?>
<Project ToolsVersion="4.0" xmlns="http://schemas.microsoft.com/developer/msbuild/2003">
  <ItemGroup>
    <Filter Include="Source Files">
      <UniqueIdentifier>{4FC737F1-C7A5-4376-A066-2A32D752A2FF}</UniqueIdentifier>
      <Extensions>cpp;c;cc;cxx;def;odl;idl;hpj;bat;asm;asmx</Extensions>
    </Filter>
    <Filter Include="Header Files">
      <UniqueIdentifier>{93995380-89BD-4b04-88EB-625FBE52EBFB}</UniqueIdentifier>
      <Extensions>h;hh;hpp;hxx;hm;inl;inc;xsd</Extensions>
    </Filter>
    <Filter Include="Resource Files">
      <UniqueIdentifier>{67DA6AB6-F800-4c08-8B7A-83BB121AAD01}</UniqueIdentifier>
      <Extensions>rc;ico;cur;bmp;dlg;rc2;rct;bin;rgs;gif;jpg;jpeg;jpe;resx;tiff;tif;png;wav;mfcribbon-ms</Extensions>
    </Filter>
  </ItemGroup>
  <ItemGroup>
    <ClCompile Include="main.cpp">
      <Filter>Source Files</Filter>
    </ClCompile>
    <ClCompile Include="BinaryTournamentSelector.cpp">
      <Filter>Source Files</Filter>
    </ClCompile>
    <ClCompile Include="FlipBitMutator.cpp">
      <Filter>Source Files</Filter>
    </ClCompile>
    <ClCompile Include="GeneticEngine.cpp">
      <Filter>Source Files</Filter>
    </ClCompile>
    <ClCompile Include="RankedParent.cpp">
      <Filter>Source Files</Filter>
    </ClCompile>
    <ClCompile Include="SimpleGenerator.cpp">
      <Filter>Source Files</Filter>
    </ClCompile>
    <ClCompile Include="SinglePointCrosser.cpp">
      <Filter>Source Files</Filter>
    </ClCompile>
    <ClCompile Include="StopWatch.cpp">
      <Filter>Source Files</Filter>
    </ClCompile>
    <ClCompile Include="TwoPointCrosser.cpp">
      <Filter>Source Files</Filter>
    </ClCompile>
    <ClCompile Include="UniformCrosser.cpp">
      <Filter>Source Files</Filter>
    </ClCompile>
    <ClCompile Include="AdvancedGenerator.cpp">
      <Filter>Source Files</Filter>
    </ClCompile>
    <ClCompile Include="RankBasedSelector.cpp">
      <Filter>Source Files</Filter>
    </ClCompile>
    <ClCompile Include="Elitism.cpp">
      <Filter>Source Files</Filter>
    </ClCompile>
    <ClCompile Include="MutationPropabilityTweaker.cpp">
      <Filter>Source Files</Filter>
    </ClCompile>
    <ClCompile Include="MockElitism.cpp">
      <Filter>Source Files</Filter>
    </ClCompile>
    <ClCompile Include="UniformMutator.cpp">
      <Filter>Source Files</Filter>
    </ClCompile>
    <ClCompile Include="MutationUniformTweaker.cpp">
      <Filter>Source Files</Filter>
    </ClCompile>
    <ClCompile Include="MutationCustomTweaker.cpp">
      <Filter>Source Files</Filter>
    </ClCompile>
    <ClCompile Include="CustomMutator.cpp">
      <Filter>Source Files</Filter>
    </ClCompile>
    <ClCompile Include="Data.cpp">
      <Filter>Source Files</Filter>
    </ClCompile>
    <ClCompile Include="Fundamentas.cpp">
      <Filter>Source Files</Filter>
    </ClCompile>
    <ClCompile Include="CameraController.cpp">
      <Filter>Source Files</Filter>
    </ClCompile>
    <ClCompile Include="Polis.cpp">
      <Filter>Source Files</Filter>
    </ClCompile>
  </ItemGroup>
  <ItemGroup>
    <None Include="GRILLAGE.dll">
      <Filter>Source Files</Filter>
    </None>
    <None Include="GRILLAGE.exp">
      <Filter>Source Files</Filter>
    </None>
    <None Include="frame_optimization2.exp">
      <Filter>Source Files</Filter>
    </None>
    <None Include="frame_optimization2.dll">
      <Filter>Source Files</Filter>
    </None>
    <None Include="frame_optimization.exp">
      <Filter>Source Files</Filter>
    </None>
    <None Include="MFCO42D.DLL">
      <Filter>Source Files</Filter>
    </None>
    <None Include="frame_optimization.dll">
      <Filter>Source Files</Filter>
    </None>
    <None Include="Gamma.dll">
      <Filter>Source Files</Filter>
    </None>
    <None Include="Gamma.exp">
      <Filter>Source Files</Filter>
    </None>
  </ItemGroup>
  <ItemGroup>
    <Library Include="GRILLAGE.lib">
      <Filter>Source Files</Filter>
    </Library>
    <Library Include="frame_optimization2.lib">
      <Filter>Source Files</Filter>
    </Library>
    <Library Include="frame_optimization.lib">
      <Filter>Source Files</Filter>
    </Library>
    <Library Include="Gamma.lib">
      <Filter>Source Files</Filter>
    </Library>
  </ItemGroup>
  <ItemGroup>
    <ClInclude Include="BinaryTournamentSelector.h">
      <Filter>Header Files</Filter>
    </ClInclude>
    <ClInclude Include="Crosser.h">
      <Filter>Header Files</Filter>
    </ClInclude>
    <ClInclude Include="FlipBitMutator.h">
      <Filter>Header Files</Filter>
    </ClInclude>
    <ClInclude Include="Generator.h">
      <Filter>Header Files</Filter>
    </ClInclude>
    <ClInclude Include="GeneticEngine.h">
      <Filter>Header Files</Filter>
    </ClInclude>
    <ClInclude Include="Grillage.h">
      <Filter>Header Files</Filter>
    </ClInclude>
    <ClInclude Include="Mutator.h">
      <Filter>Header Files</Filter>
    </ClInclude>
    <ClInclude Include="RankedParent.h">
      <Filter>Header Files</Filter>
    </ClInclude>
    <ClInclude Include="Selector.h">
      <Filter>Header Files</Filter>
    </ClInclude>
    <ClInclude Include="SimpleGenerator.h">
      <Filter>Header Files</Filter>
    </ClInclude>
    <ClInclude Include="SinglePointCrosser.h">
      <Filter>Header Files</Filter>
    </ClInclude>
    <ClInclude Include="StopWatch.h">
      <Filter>Header Files</Filter>
    </ClInclude>
    <ClInclude Include="TwoPointCrosser.h">
      <Filter>Header Files</Filter>
    </ClInclude>
    <ClInclude Include="UniformCrosser.h">
      <Filter>Header Files</Filter>
    </ClInclude>
    <ClInclude Include="AdvancedGenerator.h">
      <Filter>Header Files</Filter>
    </ClInclude>
    <ClInclude Include="RankBasedSelector.h">
      <Filter>Header Files</Filter>
    </ClInclude>
    <ClInclude Include="Elitism.h">
      <Filter>Header Files</Filter>
    </ClInclude>
    <ClInclude Include="MutationPropabilityTweaker.h">
      <Filter>Header Files</Filter>
    </ClInclude>
    <ClInclude Include="MockElitism.h">
      <Filter>Header Files</Filter>
    </ClInclude>
    <ClInclude Include="UniformMutator.h">
      <Filter>Header Files</Filter>
    </ClInclude>
    <ClInclude Include="MutationTweaker.h">
      <Filter>Header Files</Filter>
    </ClInclude>
    <ClInclude Include="MutationUniformTweaker.h">
      <Filter>Header Files</Filter>
    </ClInclude>
    <ClInclude Include="MutationCustomTweaker.h">
      <Filter>Header Files</Filter>
    </ClInclude>
    <ClInclude Include="CustomMutator.h">
      <Filter>Header Files</Filter>
    </ClInclude>
    <ClInclude Include="Fundamentas.h">
      <Filter>Header Files</Filter>
    </ClInclude>
    <ClInclude Include="Polis.h">
      <Filter>Header Files</Filter>
    </ClInclude>
    <ClInclude Include="CameraController.h">
      <Filter>Header Files</Filter>
    </ClInclude>
    <ClInclude Include="Data.h">
      <Filter>Header Files</Filter>
    </ClInclude>
  </ItemGroup>
</Project>